
Microsoft Visual Studio Solution File, Format Version 12.00
# Visual Studio 15
VisualStudioVersion = 15.0.28307.329
MinimumVisualStudioVersion = 10.0.40219.1
Project("{FAE04EC0-301F-11D3-BF4B-00C04F79EFBC}") = "BuisnessLogic", "BuisnessLogic\BuisnessLogic.csproj", "{AC3C3C7A-63B0-453A-9258-FA3330C0FC04}"
EndProject
Project("{FAE04EC0-301F-11D3-BF4B-00C04F79EFBC}") = "WPF", "WPF\WPF.csproj", "{05CF8CB6-1B6C-40C0-91AA-CBC4ED014853}"
EndProject
Project("{FAE04EC0-301F-11D3-BF4B-00C04F79EFBC}") = "DataPostgres", "DataPostgres\DataPostgres.csproj", "{495DF7E1-CAE3-4034-B163-5F9DCCE8B07F}"
EndProject
Project("{2150E333-8FDC-42A3-9474-1A3956D46DE8}") = "Solution Items", "Solution Items", "{1516DBD4-78DD-4BEF-9FE9-A5FC0B1D3297}"
	ProjectSection(SolutionItems) = preProject
		WPF\iconDelete.png = WPF\iconDelete.png
		WPF\iconEdit.png = WPF\iconEdit.png
	EndProjectSection
EndProject
Global
	GlobalSection(SolutionConfigurationPlatforms) = preSolution
		Debug|Any CPU = Debug|Any CPU
		Release|Any CPU = Release|Any CPU
	EndGlobalSection
	GlobalSection(ProjectConfigurationPlatforms) = postSolution
		{AC3C3C7A-63B0-453A-9258-FA3330C0FC04}.Debug|Any CPU.ActiveCfg = Debug|Any CPU
		{AC3C3C7A-63B0-453A-9258-FA3330C0FC04}.Debug|Any CPU.Build.0 = Debug|Any CPU
		{AC3C3C7A-63B0-453A-9258-FA3330C0FC04}.Release|Any CPU.ActiveCfg = Release|Any CPU
		{AC3C3C7A-63B0-453A-9258-FA3330C0FC04}.Release|Any CPU.Build.0 = Release|Any CPU
		{05CF8CB6-1B6C-40C0-91AA-CBC4ED014853}.Debug|Any CPU.ActiveCfg = Debug|Any CPU
		{05CF8CB6-1B6C-40C0-91AA-CBC4ED014853}.Debug|Any CPU.Build.0 = Debug|Any CPU
		{05CF8CB6-1B6C-40C0-91AA-CBC4ED014853}.Release|Any CPU.ActiveCfg = Release|Any CPU
		{05CF8CB6-1B6C-40C0-91AA-CBC4ED014853}.Release|Any CPU.Build.0 = Release|Any CPU
		{495DF7E1-CAE3-4034-B163-5F9DCCE8B07F}.Debug|Any CPU.ActiveCfg = Debug|Any CPU
		{495DF7E1-CAE3-4034-B163-5F9DCCE8B07F}.Debug|Any CPU.Build.0 = Debug|Any CPU
		{495DF7E1-CAE3-4034-B163-5F9DCCE8B07F}.Release|Any CPU.ActiveCfg = Release|Any CPU
		{495DF7E1-CAE3-4034-B163-5F9DCCE8B07F}.Release|Any CPU.Build.0 = Release|Any CPU
	EndGlobalSection
	GlobalSection(SolutionProperties) = preSolution
		HideSolutionNode = FALSE
	EndGlobalSection
	GlobalSection(ExtensibilityGlobals) = postSolution
		SolutionGuid = {A7388773-5AD8-449B-A132-EB7B1AD99127}
	EndGlobalSection
EndGlobal
